
Microsoft Visual Studio Solution File, Format Version 12.00
# Visual Studio Version 16
VisualStudioVersion = 16.0.29324.140
MinimumVisualStudioVersion = 10.0.40219.1
Project("{9A19103F-16F7-4668-BE54-9A1E7A4F7556}") = "EOMobile", "EOMobile\EOMobile\EOMobile.csproj", "{6AB3C149-77BC-4766-A499-FAF2A4BBB207}"
EndProject
Project("{FAE04EC0-301F-11D3-BF4B-00C04F79EFBC}") = "EOMobile.Android", "EOMobile\EOMobile.Android\EOMobile.Android.csproj", "{59EB3436-AE0A-48F2-9374-6E9567AA8974}"
EndProject
Project("{FAE04EC0-301F-11D3-BF4B-00C04F79EFBC}") = "EOMobile.iOS", "EOMobile\EOMobile.iOS\EOMobile.iOS.csproj", "{D7384AE8-DE2E-484B-AAA1-B74AFA1C34CA}"
EndProject
Project("{FAE04EC0-301F-11D3-BF4B-00C04F79EFBC}") = "SharedData", "..\EO\LoginService\EOLoginConsoleApp\SharedData\SharedData.csproj", "{38431FF0-6D59-4508-9C05-24158F58DA65}"
EndProject
Project("{FAE04EC0-301F-11D3-BF4B-00C04F79EFBC}") = "ViewModels", "..\EO\LoginService\EOLoginConsoleApp\ViewModels\ViewModels.csproj", "{C4819671-9D35-4014-B1D3-80F9F0184501}"
EndProject
Global
	GlobalSection(SolutionConfigurationPlatforms) = preSolution
		Ad-Hoc|Any CPU = Ad-Hoc|Any CPU
		Ad-Hoc|iPhone = Ad-Hoc|iPhone
		Ad-Hoc|iPhoneSimulator = Ad-Hoc|iPhoneSimulator
		AppStore|Any CPU = AppStore|Any CPU
		AppStore|iPhone = AppStore|iPhone
		AppStore|iPhoneSimulator = AppStore|iPhoneSimulator
		Debug|Any CPU = Debug|Any CPU
		Debug|iPhone = Debug|iPhone
		Debug|iPhoneSimulator = Debug|iPhoneSimulator
		Release|Any CPU = Release|Any CPU
		Release|iPhone = Release|iPhone
		Release|iPhoneSimulator = Release|iPhoneSimulator
	EndGlobalSection
	GlobalSection(ProjectConfigurationPlatforms) = postSolution
		{6AB3C149-77BC-4766-A499-FAF2A4BBB207}.Ad-Hoc|Any CPU.ActiveCfg = Debug|Any CPU
		{6AB3C149-77BC-4766-A499-FAF2A4BBB207}.Ad-Hoc|Any CPU.Build.0 = Debug|Any CPU
		{6AB3C149-77BC-4766-A499-FAF2A4BBB207}.Ad-Hoc|iPhone.ActiveCfg = Debug|Any CPU
		{6AB3C149-77BC-4766-A499-FAF2A4BBB207}.Ad-Hoc|iPhone.Build.0 = Debug|Any CPU
		{6AB3C149-77BC-4766-A499-FAF2A4BBB207}.Ad-Hoc|iPhoneSimulator.ActiveCfg = Debug|Any CPU
		{6AB3C149-77BC-4766-A499-FAF2A4BBB207}.Ad-Hoc|iPhoneSimulator.Build.0 = Debug|Any CPU
		{6AB3C149-77BC-4766-A499-FAF2A4BBB207}.AppStore|Any CPU.ActiveCfg = Debug|Any CPU
		{6AB3C149-77BC-4766-A499-FAF2A4BBB207}.AppStore|Any CPU.Build.0 = Debug|Any CPU
		{6AB3C149-77BC-4766-A499-FAF2A4BBB207}.AppStore|iPhone.ActiveCfg = Debug|Any CPU
		{6AB3C149-77BC-4766-A499-FAF2A4BBB207}.AppStore|iPhone.Build.0 = Debug|Any CPU
		{6AB3C149-77BC-4766-A499-FAF2A4BBB207}.AppStore|iPhoneSimulator.ActiveCfg = Debug|Any CPU
		{6AB3C149-77BC-4766-A499-FAF2A4BBB207}.AppStore|iPhoneSimulator.Build.0 = Debug|Any CPU
		{6AB3C149-77BC-4766-A499-FAF2A4BBB207}.Debug|Any CPU.ActiveCfg = Debug|Any CPU
		{6AB3C149-77BC-4766-A499-FAF2A4BBB207}.Debug|Any CPU.Build.0 = Debug|Any CPU
		{6AB3C149-77BC-4766-A499-FAF2A4BBB207}.Debug|iPhone.ActiveCfg = Debug|Any CPU
		{6AB3C149-77BC-4766-A499-FAF2A4BBB207}.Debug|iPhone.Build.0 = Debug|Any CPU
		{6AB3C149-77BC-4766-A499-FAF2A4BBB207}.Debug|iPhoneSimulator.ActiveCfg = Debug|Any CPU
		{6AB3C149-77BC-4766-A499-FAF2A4BBB207}.Debug|iPhoneSimulator.Build.0 = Debug|Any CPU
		{6AB3C149-77BC-4766-A499-FAF2A4BBB207}.Release|Any CPU.ActiveCfg = Release|Any CPU
		{6AB3C149-77BC-4766-A499-FAF2A4BBB207}.Release|Any CPU.Build.0 = Release|Any CPU
		{6AB3C149-77BC-4766-A499-FAF2A4BBB207}.Release|iPhone.ActiveCfg = Release|Any CPU
		{6AB3C149-77BC-4766-A499-FAF2A4BBB207}.Release|iPhone.Build.0 = Release|Any CPU
		{6AB3C149-77BC-4766-A499-FAF2A4BBB207}.Release|iPhoneSimulator.ActiveCfg = Release|Any CPU
		{6AB3C149-77BC-4766-A499-FAF2A4BBB207}.Release|iPhoneSimulator.Build.0 = Release|Any CPU
		{59EB3436-AE0A-48F2-9374-6E9567AA8974}.Ad-Hoc|Any CPU.ActiveCfg = Release|Any CPU
		{59EB3436-AE0A-48F2-9374-6E9567AA8974}.Ad-Hoc|Any CPU.Build.0 = Release|Any CPU
		{59EB3436-AE0A-48F2-9374-6E9567AA8974}.Ad-Hoc|Any CPU.Deploy.0 = Release|Any CPU
		{59EB3436-AE0A-48F2-9374-6E9567AA8974}.Ad-Hoc|iPhone.ActiveCfg = Release|Any CPU
		{59EB3436-AE0A-48F2-9374-6E9567AA8974}.Ad-Hoc|iPhone.Build.0 = Release|Any CPU
		{59EB3436-AE0A-48F2-9374-6E9567AA8974}.Ad-Hoc|iPhone.Deploy.0 = Release|Any CPU
		{59EB3436-AE0A-48F2-9374-6E9567AA8974}.Ad-Hoc|iPhoneSimulator.ActiveCfg = Release|Any CPU
		{59EB3436-AE0A-48F2-9374-6E9567AA8974}.Ad-Hoc|iPhoneSimulator.Build.0 = Release|Any CPU
		{59EB3436-AE0A-48F2-9374-6E9567AA8974}.Ad-Hoc|iPhoneSimulator.Deploy.0 = Release|Any CPU
		{59EB3436-AE0A-48F2-9374-6E9567AA8974}.AppStore|Any CPU.ActiveCfg = Release|Any CPU
		{59EB3436-AE0A-48F2-9374-6E9567AA8974}.AppStore|Any CPU.Build.0 = Release|Any CPU
		{59EB3436-AE0A-48F2-9374-6E9567AA8974}.AppStore|Any CPU.Deploy.0 = Release|Any CPU
		{59EB3436-AE0A-48F2-9374-6E9567AA8974}.AppStore|iPhone.ActiveCfg = Release|Any CPU
		{59EB3436-AE0A-48F2-9374-6E9567AA8974}.AppStore|iPhone.Build.0 = Release|Any CPU
		{59EB3436-AE0A-48F2-9374-6E9567AA8974}.AppStore|iPhone.Deploy.0 = Release|Any CPU
		{59EB3436-AE0A-48F2-9374-6E9567AA8974}.AppStore|iPhoneSimulator.ActiveCfg = Release|Any CPU
		{59EB3436-AE0A-48F2-9374-6E9567AA8974}.AppStore|iPhoneSimulator.Build.0 = Release|Any CPU
		{59EB3436-AE0A-48F2-9374-6E9567AA8974}.AppStore|iPhoneSimulator.Deploy.0 = Release|Any CPU
		{59EB3436-AE0A-48F2-9374-6E9567AA8974}.Debug|Any CPU.ActiveCfg = Debug|Any CPU
		{59EB3436-AE0A-48F2-9374-6E9567AA8974}.Debug|Any CPU.Build.0 = Debug|Any CPU
		{59EB3436-AE0A-48F2-9374-6E9567AA8974}.Debug|Any CPU.Deploy.0 = Debug|Any CPU
		{59EB3436-AE0A-48F2-9374-6E9567AA8974}.Debug|iPhone.ActiveCfg = Debug|Any CPU
		{59EB3436-AE0A-48F2-9374-6E9567AA8974}.Debug|iPhone.Build.0 = Debug|Any CPU
		{59EB3436-AE0A-48F2-9374-6E9567AA8974}.Debug|iPhone.Deploy.0 = Debug|Any CPU
		{59EB3436-AE0A-48F2-9374-6E9567AA8974}.Debug|iPhoneSimulator.ActiveCfg = Debug|Any CPU
		{59EB3436-AE0A-48F2-9374-6E9567AA8974}.Debug|iPhoneSimulator.Build.0 = Debug|Any CPU
		{59EB3436-AE0A-48F2-9374-6E9567AA8974}.Debug|iPhoneSimulator.Deploy.0 = Debug|Any CPU
		{59EB3436-AE0A-48F2-9374-6E9567AA8974}.Release|Any CPU.ActiveCfg = Release|Any CPU
		{59EB3436-AE0A-48F2-9374-6E9567AA8974}.Release|Any CPU.Build.0 = Release|Any CPU
		{59EB3436-AE0A-48F2-9374-6E9567AA8974}.Release|Any CPU.Deploy.0 = Release|Any CPU
		{59EB3436-AE0A-48F2-9374-6E9567AA8974}.Release|iPhone.ActiveCfg = Release|Any CPU
		{59EB3436-AE0A-48F2-9374-6E9567AA8974}.Release|iPhone.Build.0 = Release|Any CPU
		{59EB3436-AE0A-48F2-9374-6E9567AA8974}.Release|iPhone.Deploy.0 = Release|Any CPU
		{59EB3436-AE0A-48F2-9374-6E9567AA8974}.Release|iPhoneSimulator.ActiveCfg = Release|Any CPU
		{59EB3436-AE0A-48F2-9374-6E9567AA8974}.Release|iPhoneSimulator.Build.0 = Release|Any CPU
		{59EB3436-AE0A-48F2-9374-6E9567AA8974}.Release|iPhoneSimulator.Deploy.0 = Release|Any CPU
		{D7384AE8-DE2E-484B-AAA1-B74AFA1C34CA}.Ad-Hoc|Any CPU.ActiveCfg = Ad-Hoc|iPhone
		{D7384AE8-DE2E-484B-AAA1-B74AFA1C34CA}.Ad-Hoc|iPhone.ActiveCfg = Ad-Hoc|iPhone
		{D7384AE8-DE2E-484B-AAA1-B74AFA1C34CA}.Ad-Hoc|iPhone.Build.0 = Ad-Hoc|iPhone
		{D7384AE8-DE2E-484B-AAA1-B74AFA1C34CA}.Ad-Hoc|iPhoneSimulator.ActiveCfg = Ad-Hoc|iPhoneSimulator
		{D7384AE8-DE2E-484B-AAA1-B74AFA1C34CA}.Ad-Hoc|iPhoneSimulator.Build.0 = Ad-Hoc|iPhoneSimulator
		{D7384AE8-DE2E-484B-AAA1-B74AFA1C34CA}.AppStore|Any CPU.ActiveCfg = AppStore|iPhone
		{D7384AE8-DE2E-484B-AAA1-B74AFA1C34CA}.AppStore|iPhone.ActiveCfg = AppStore|iPhone
		{D7384AE8-DE2E-484B-AAA1-B74AFA1C34CA}.AppStore|iPhone.Build.0 = AppStore|iPhone
		{D7384AE8-DE2E-484B-AAA1-B74AFA1C34CA}.AppStore|iPhoneSimulator.ActiveCfg = AppStore|iPhoneSimulator
		{D7384AE8-DE2E-484B-AAA1-B74AFA1C34CA}.AppStore|iPhoneSimulator.Build.0 = AppStore|iPhoneSimulator
		{D7384AE8-DE2E-484B-AAA1-B74AFA1C34CA}.Debug|Any CPU.ActiveCfg = Debug|iPhone
		{D7384AE8-DE2E-484B-AAA1-B74AFA1C34CA}.Debug|iPhone.ActiveCfg = Debug|iPhone
		{D7384AE8-DE2E-484B-AAA1-B74AFA1C34CA}.Debug|iPhone.Build.0 = Debug|iPhone
		{D7384AE8-DE2E-484B-AAA1-B74AFA1C34CA}.Debug|iPhoneSimulator.ActiveCfg = Debug|iPhoneSimulator
		{D7384AE8-DE2E-484B-AAA1-B74AFA1C34CA}.Debug|iPhoneSimulator.Build.0 = Debug|iPhoneSimulator
		{D7384AE8-DE2E-484B-AAA1-B74AFA1C34CA}.Release|Any CPU.ActiveCfg = Release|iPhone
		{D7384AE8-DE2E-484B-AAA1-B74AFA1C34CA}.Release|iPhone.ActiveCfg = Release|iPhone
		{D7384AE8-DE2E-484B-AAA1-B74AFA1C34CA}.Release|iPhone.Build.0 = Release|iPhone
		{D7384AE8-DE2E-484B-AAA1-B74AFA1C34CA}.Release|iPhoneSimulator.ActiveCfg = Release|iPhoneSimulator
		{D7384AE8-DE2E-484B-AAA1-B74AFA1C34CA}.Release|iPhoneSimulator.Build.0 = Release|iPhoneSimulator
		{38431FF0-6D59-4508-9C05-24158F58DA65}.Ad-Hoc|Any CPU.ActiveCfg = Release|Any CPU
		{38431FF0-6D59-4508-9C05-24158F58DA65}.Ad-Hoc|Any CPU.Build.0 = Release|Any CPU
		{38431FF0-6D59-4508-9C05-24158F58DA65}.Ad-Hoc|iPhone.ActiveCfg = Release|Any CPU
		{38431FF0-6D59-4508-9C05-24158F58DA65}.Ad-Hoc|iPhone.Build.0 = Release|Any CPU
		{38431FF0-6D59-4508-9C05-24158F58DA65}.Ad-Hoc|iPhoneSimulator.ActiveCfg = Release|Any CPU
		{38431FF0-6D59-4508-9C05-24158F58DA65}.Ad-Hoc|iPhoneSimulator.Build.0 = Release|Any CPU
		{38431FF0-6D59-4508-9C05-24158F58DA65}.AppStore|Any CPU.ActiveCfg = Release|Any CPU
		{38431FF0-6D59-4508-9C05-24158F58DA65}.AppStore|Any CPU.Build.0 = Release|Any CPU
		{38431FF0-6D59-4508-9C05-24158F58DA65}.AppStore|iPhone.ActiveCfg = Release|Any CPU
		{38431FF0-6D59-4508-9C05-24158F58DA65}.AppStore|iPhone.Build.0 = Release|Any CPU
		{38431FF0-6D59-4508-9C05-24158F58DA65}.AppStore|iPhoneSimulator.ActiveCfg = Release|Any CPU
		{38431FF0-6D59-4508-9C05-24158F58DA65}.AppStore|iPhoneSimulator.Build.0 = Release|Any CPU
		{38431FF0-6D59-4508-9C05-24158F58DA65}.Debug|Any CPU.ActiveCfg = Debug|Any CPU
		{38431FF0-6D59-4508-9C05-24158F58DA65}.Debug|Any CPU.Build.0 = Debug|Any CPU
		{38431FF0-6D59-4508-9C05-24158F58DA65}.Debug|iPhone.ActiveCfg = Debug|Any CPU
		{38431FF0-6D59-4508-9C05-24158F58DA65}.Debug|iPhone.Build.0 = Debug|Any CPU
		{38431FF0-6D59-4508-9C05-24158F58DA65}.Debug|iPhoneSimulator.ActiveCfg = Debug|Any CPU
		{38431FF0-6D59-4508-9C05-24158F58DA65}.Debug|iPhoneSimulator.Build.0 = Debug|Any CPU
		{38431FF0-6D59-4508-9C05-24158F58DA65}.Release|Any CPU.ActiveCfg = Release|Any CPU
		{38431FF0-6D59-4508-9C05-24158F58DA65}.Release|Any CPU.Build.0 = Release|Any CPU
		{38431FF0-6D59-4508-9C05-24158F58DA65}.Release|iPhone.ActiveCfg = Release|Any CPU
		{38431FF0-6D59-4508-9C05-24158F58DA65}.Release|iPhone.Build.0 = Release|Any CPU
		{38431FF0-6D59-4508-9C05-24158F58DA65}.Release|iPhoneSimulator.ActiveCfg = Release|Any CPU
		{38431FF0-6D59-4508-9C05-24158F58DA65}.Release|iPhoneSimulator.Build.0 = Release|Any CPU
		{C4819671-9D35-4014-B1D3-80F9F0184501}.Ad-Hoc|Any CPU.ActiveCfg = Release|Any CPU
		{C4819671-9D35-4014-B1D3-80F9F0184501}.Ad-Hoc|Any CPU.Build.0 = Release|Any CPU
		{C4819671-9D35-4014-B1D3-80F9F0184501}.Ad-Hoc|iPhone.ActiveCfg = Release|Any CPU
		{C4819671-9D35-4014-B1D3-80F9F0184501}.Ad-Hoc|iPhone.Build.0 = Release|Any CPU
		{C4819671-9D35-4014-B1D3-80F9F0184501}.Ad-Hoc|iPhoneSimulator.ActiveCfg = Release|Any CPU
		{C4819671-9D35-4014-B1D3-80F9F0184501}.Ad-Hoc|iPhoneSimulator.Build.0 = Release|Any CPU
		{C4819671-9D35-4014-B1D3-80F9F0184501}.AppStore|Any CPU.ActiveCfg = Release|Any CPU
		{C4819671-9D35-4014-B1D3-80F9F0184501}.AppStore|Any CPU.Build.0 = Release|Any CPU
		{C4819671-9D35-4014-B1D3-80F9F0184501}.AppStore|iPhone.ActiveCfg = Release|Any CPU
		{C4819671-9D35-4014-B1D3-80F9F0184501}.AppStore|iPhone.Build.0 = Release|Any CPU
		{C4819671-9D35-4014-B1D3-80F9F0184501}.AppStore|iPhoneSimulator.ActiveCfg = Release|Any CPU
		{C4819671-9D35-4014-B1D3-80F9F0184501}.AppStore|iPhoneSimulator.Build.0 = Release|Any CPU
		{C4819671-9D35-4014-B1D3-80F9F0184501}.Debug|Any CPU.ActiveCfg = Debug|Any CPU
		{C4819671-9D35-4014-B1D3-80F9F0184501}.Debug|Any CPU.Build.0 = Debug|Any CPU
		{C4819671-9D35-4014-B1D3-80F9F0184501}.Debug|iPhone.ActiveCfg = Debug|Any CPU
		{C4819671-9D35-4014-B1D3-80F9F0184501}.Debug|iPhone.Build.0 = Debug|Any CPU
		{C4819671-9D35-4014-B1D3-80F9F0184501}.Debug|iPhoneSimulator.ActiveCfg = Debug|Any CPU
		{C4819671-9D35-4014-B1D3-80F9F0184501}.Debug|iPhoneSimulator.Build.0 = Debug|Any CPU
		{C4819671-9D35-4014-B1D3-80F9F0184501}.Release|Any CPU.ActiveCfg = Release|Any CPU
		{C4819671-9D35-4014-B1D3-80F9F0184501}.Release|Any CPU.Build.0 = Release|Any CPU
		{C4819671-9D35-4014-B1D3-80F9F0184501}.Release|iPhone.ActiveCfg = Release|Any CPU
		{C4819671-9D35-4014-B1D3-80F9F0184501}.Release|iPhone.Build.0 = Release|Any CPU
		{C4819671-9D35-4014-B1D3-80F9F0184501}.Release|iPhoneSimulator.ActiveCfg = Release|Any CPU
		{C4819671-9D35-4014-B1D3-80F9F0184501}.Release|iPhoneSimulator.Build.0 = Release|Any CPU
	EndGlobalSection
	GlobalSection(SolutionProperties) = preSolution
		HideSolutionNode = FALSE
	EndGlobalSection
	GlobalSection(ExtensibilityGlobals) = postSolution
		SolutionGuid = {F445C8A3-28B5-4B2D-94DF-81487FD1B735}
	EndGlobalSection
EndGlobal
